
Microsoft Visual Studio Solution File, Format Version 12.00
# Visual Studio Version 17
VisualStudioVersion = 17.7.34202.233
MinimumVisualStudioVersion = 10.0.40219.1
Project("{FAE04EC0-301F-11D3-BF4B-00C04F79EFBC}") = "BudicMarinAdresar", "BudicMarinAdresar\BudicMarinAdresar.csproj", "{CC4C07FC-5A2F-4935-9F6B-3C2D58C18E55}"
EndProject
Global
	GlobalSection(SolutionConfigurationPlatforms) = preSolution
		Debug|Any CPU = Debug|Any CPU
		Release|Any CPU = Release|Any CPU
	EndGlobalSection
	GlobalSection(ProjectConfigurationPlatforms) = postSolution
		{CC4C07FC-5A2F-4935-9F6B-3C2D58C18E55}.Debug|Any CPU.ActiveCfg = Debug|Any CPU
		{CC4C07FC-5A2F-4935-9F6B-3C2D58C18E55}.Debug|Any CPU.Build.0 = Debug|Any CPU
		{CC4C07FC-5A2F-4935-9F6B-3C2D58C18E55}.Release|Any CPU.ActiveCfg = Release|Any CPU
		{CC4C07FC-5A2F-4935-9F6B-3C2D58C18E55}.Release|Any CPU.Build.0 = Release|Any CPU
	EndGlobalSection
	GlobalSection(SolutionProperties) = preSolution
		HideSolutionNode = FALSE
	EndGlobalSection
	GlobalSection(ExtensibilityGlobals) = postSolution
		SolutionGuid = {BB5BEDC6-1CEE-436D-A156-B09CD3274A9B}
	EndGlobalSection
EndGlobal
